// !$*UTF8*$!
{
	archiveVersion = 1;
	classes = {
	};
	objectVersion = 56;
	objects = {

/* Begin PBXBuildFile section */
		1B1DE9092B21DE7700B95D06 /* TechnicalTestApp.swift in Sources */ = {isa = PBXBuildFile; fileRef = 1B1DE9082B21DE7700B95D06 /* TechnicalTestApp.swift */; };
		1B1DE90B2B21DE7700B95D06 /* ContentView.swift in Sources */ = {isa = PBXBuildFile; fileRef = 1B1DE90A2B21DE7700B95D06 /* ContentView.swift */; };
		1B1DE90D2B21DE7800B95D06 /* Assets.xcassets in Resources */ = {isa = PBXBuildFile; fileRef = 1B1DE90C2B21DE7800B95D06 /* Assets.xcassets */; };
		1B1DE9102B21DE7800B95D06 /* Preview Assets.xcassets in Resources */ = {isa = PBXBuildFile; fileRef = 1B1DE90F2B21DE7800B95D06 /* Preview Assets.xcassets */; };
		1B1DE9182B21E05100B95D06 /* QRScannerView.swift in Sources */ = {isa = PBXBuildFile; fileRef = 1B1DE9172B21E05100B95D06 /* QRScannerView.swift */; };
		1B870A702B21EC7800163349 /* CodeScanner in Frameworks */ = {isa = PBXBuildFile; productRef = 1B870A6F2B21EC7800163349 /* CodeScanner */; };
		1B870A732B22091200163349 /* IOSSecuritySuite in Frameworks */ = {isa = PBXBuildFile; productRef = 1B870A722B22091200163349 /* IOSSecuritySuite */; };
		1B870A772B2225D900163349 /* MockImageView.swift in Sources */ = {isa = PBXBuildFile; fileRef = 1B870A762B2225D900163349 /* MockImageView.swift */; };
		1B870A792B2225FD00163349 /* TextViewModel.swift in Sources */ = {isa = PBXBuildFile; fileRef = 1B870A782B2225FD00163349 /* TextViewModel.swift */; };
		1BDBCE1E2B2393EE00EE7E36 /* FirebaseFirestore in Frameworks */ = {isa = PBXBuildFile; productRef = 1BDBCE1D2B2393EE00EE7E36 /* FirebaseFirestore */; };
		1BDBCE382B2393EE00EE7E36 /* FirebaseStorage in Frameworks */ = {isa = PBXBuildFile; productRef = 1BDBCE372B2393EE00EE7E36 /* FirebaseStorage */; };
		1BDBCE3C2B239A1700EE7E36 /* GoogleService-Info.plist in Resources */ = {isa = PBXBuildFile; fileRef = 1BDBCE3B2B239A1700EE7E36 /* GoogleService-Info.plist */; };
		1BDBCE3E2B23C3FB00EE7E36 /* TextModel.swift in Sources */ = {isa = PBXBuildFile; fileRef = 1BDBCE3D2B23C3FB00EE7E36 /* TextModel.swift */; };
		1BDBCE402B23C42200EE7E36 /* ImageModel.swift in Sources */ = {isa = PBXBuildFile; fileRef = 1BDBCE3F2B23C42200EE7E36 /* ImageModel.swift */; };
		1BDBCE422B23C86600EE7E36 /* ImageViewModel.swift in Sources */ = {isa = PBXBuildFile; fileRef = 1BDBCE412B23C86600EE7E36 /* ImageViewModel.swift */; };
		1BDBCE442B2423A300EE7E36 /* MockTextView.swift in Sources */ = {isa = PBXBuildFile; fileRef = 1BDBCE432B2423A300EE7E36 /* MockTextView.swift */; };
/* End PBXBuildFile section */

/* Begin PBXFileReference section */
		1B1DE9052B21DE7700B95D06 /* TechnicalTest.app */ = {isa = PBXFileReference; explicitFileType = wrapper.application; includeInIndex = 0; path = TechnicalTest.app; sourceTree = BUILT_PRODUCTS_DIR; };
		1B1DE9082B21DE7700B95D06 /* TechnicalTestApp.swift */ = {isa = PBXFileReference; lastKnownFileType = sourcecode.swift; path = TechnicalTestApp.swift; sourceTree = "<group>"; };
		1B1DE90A2B21DE7700B95D06 /* ContentView.swift */ = {isa = PBXFileReference; lastKnownFileType = sourcecode.swift; path = ContentView.swift; sourceTree = "<group>"; };
		1B1DE90C2B21DE7800B95D06 /* Assets.xcassets */ = {isa = PBXFileReference; lastKnownFileType = folder.assetcatalog; path = Assets.xcassets; sourceTree = "<group>"; };
		1B1DE90F2B21DE7800B95D06 /* Preview Assets.xcassets */ = {isa = PBXFileReference; lastKnownFileType = folder.assetcatalog; path = "Preview Assets.xcassets"; sourceTree = "<group>"; };
		1B1DE9162B21DF9F00B95D06 /* Info.plist */ = {isa = PBXFileReference; lastKnownFileType = text.plist; path = Info.plist; sourceTree = "<group>"; };
		1B1DE9172B21E05100B95D06 /* QRScannerView.swift */ = {isa = PBXFileReference; lastKnownFileType = sourcecode.swift; path = QRScannerView.swift; sourceTree = "<group>"; };
		1B870A762B2225D900163349 /* MockImageView.swift */ = {isa = PBXFileReference; lastKnownFileType = sourcecode.swift; path = MockImageView.swift; sourceTree = "<group>"; };
		1B870A782B2225FD00163349 /* TextViewModel.swift */ = {isa = PBXFileReference; lastKnownFileType = sourcecode.swift; path = TextViewModel.swift; sourceTree = "<group>"; };
		1BDBCE3B2B239A1700EE7E36 /* GoogleService-Info.plist */ = {isa = PBXFileReference; fileEncoding = 4; lastKnownFileType = text.plist.xml; path = "GoogleService-Info.plist"; sourceTree = "<group>"; };
		1BDBCE3D2B23C3FB00EE7E36 /* TextModel.swift */ = {isa = PBXFileReference; lastKnownFileType = sourcecode.swift; path = TextModel.swift; sourceTree = "<group>"; };
		1BDBCE3F2B23C42200EE7E36 /* ImageModel.swift */ = {isa = PBXFileReference; lastKnownFileType = sourcecode.swift; path = ImageModel.swift; sourceTree = "<group>"; };
		1BDBCE412B23C86600EE7E36 /* ImageViewModel.swift */ = {isa = PBXFileReference; lastKnownFileType = sourcecode.swift; path = ImageViewModel.swift; sourceTree = "<group>"; };
		1BDBCE432B2423A300EE7E36 /* MockTextView.swift */ = {isa = PBXFileReference; lastKnownFileType = sourcecode.swift; path = MockTextView.swift; sourceTree = "<group>"; };
/* End PBXFileReference section */

/* Begin PBXFrameworksBuildPhase section */
		1B1DE9022B21DE7700B95D06 /* Frameworks */ = {
			isa = PBXFrameworksBuildPhase;
			buildActionMask = 2147483647;
			files = (
				1B870A702B21EC7800163349 /* CodeScanner in Frameworks */,
				1B870A732B22091200163349 /* IOSSecuritySuite in Frameworks */,
				1BDBCE1E2B2393EE00EE7E36 /* FirebaseFirestore in Frameworks */,
				1BDBCE382B2393EE00EE7E36 /* FirebaseStorage in Frameworks */,
			);
			runOnlyForDeploymentPostprocessing = 0;
		};
/* End PBXFrameworksBuildPhase section */

/* Begin PBXGroup section */
		1B1DE8FC2B21DE7700B95D06 = {
			isa = PBXGroup;
			children = (
				1B1DE9072B21DE7700B95D06 /* TechnicalTest */,
				1B1DE9062B21DE7700B95D06 /* Products */,
			);
			sourceTree = "<group>";
		};
		1B1DE9062B21DE7700B95D06 /* Products */ = {
			isa = PBXGroup;
			children = (
				1B1DE9052B21DE7700B95D06 /* TechnicalTest.app */,
			);
			name = Products;
			sourceTree = "<group>";
		};
		1B1DE9072B21DE7700B95D06 /* TechnicalTest */ = {
			isa = PBXGroup;
			children = (
				1B1DE9162B21DF9F00B95D06 /* Info.plist */,
				1BDBCE3B2B239A1700EE7E36 /* GoogleService-Info.plist */,
				1B1DE9082B21DE7700B95D06 /* TechnicalTestApp.swift */,
				1B1DE90A2B21DE7700B95D06 /* ContentView.swift */,
				1B870A762B2225D900163349 /* MockImageView.swift */,
				1BDBCE432B2423A300EE7E36 /* MockTextView.swift */,
				1B1DE9172B21E05100B95D06 /* QRScannerView.swift */,
				1BDBCE3D2B23C3FB00EE7E36 /* TextModel.swift */,
				1BDBCE3F2B23C42200EE7E36 /* ImageModel.swift */,
				1B870A782B2225FD00163349 /* TextViewModel.swift */,
				1BDBCE412B23C86600EE7E36 /* ImageViewModel.swift */,
				1B1DE90C2B21DE7800B95D06 /* Assets.xcassets */,
				1B1DE90E2B21DE7800B95D06 /* Preview Content */,
			);
			path = TechnicalTest;
			sourceTree = "<group>";
		};
		1B1DE90E2B21DE7800B95D06 /* Preview Content */ = {
			isa = PBXGroup;
			children = (
				1B1DE90F2B21DE7800B95D06 /* Preview Assets.xcassets */,
			);
			path = "Preview Content";
			sourceTree = "<group>";
		};
/* End PBXGroup section */

/* Begin PBXNativeTarget section */
		1B1DE9042B21DE7700B95D06 /* TechnicalTest */ = {
			isa = PBXNativeTarget;
			buildConfigurationList = 1B1DE9132B21DE7800B95D06 /* Build configuration list for PBXNativeTarget "TechnicalTest" */;
			buildPhases = (
				1B1DE9012B21DE7700B95D06 /* Sources */,
				1B1DE9022B21DE7700B95D06 /* Frameworks */,
				1B1DE9032B21DE7700B95D06 /* Resources */,
			);
			buildRules = (
			);
			dependencies = (
			);
			name = TechnicalTest;
			packageProductDependencies = (
				1B870A6F2B21EC7800163349 /* CodeScanner */,
				1B870A722B22091200163349 /* IOSSecuritySuite */,
				1BDBCE1D2B2393EE00EE7E36 /* FirebaseFirestore */,
				1BDBCE372B2393EE00EE7E36 /* FirebaseStorage */,
			);
			productName = TechnicalTest;
			productReference = 1B1DE9052B21DE7700B95D06 /* TechnicalTest.app */;
			productType = "com.apple.product-type.application";
		};
/* End PBXNativeTarget section */

/* Begin PBXProject section */
		1B1DE8FD2B21DE7700B95D06 /* Project object */ = {
			isa = PBXProject;
			attributes = {
				BuildIndependentTargetsInParallel = 1;
				LastSwiftUpdateCheck = 1500;
				LastUpgradeCheck = 1500;
				TargetAttributes = {
					1B1DE9042B21DE7700B95D06 = {
						CreatedOnToolsVersion = 15.0.1;
					};
				};
			};
			buildConfigurationList = 1B1DE9002B21DE7700B95D06 /* Build configuration list for PBXProject "TechnicalTest" */;
			compatibilityVersion = "Xcode 14.0";
			developmentRegion = en;
			hasScannedForEncodings = 0;
			knownRegions = (
				en,
				Base,
			);
			mainGroup = 1B1DE8FC2B21DE7700B95D06;
			packageReferences = (
				1B870A6E2B21EC7800163349 /* XCRemoteSwiftPackageReference "CodeScanner" */,
				1B870A712B22091200163349 /* XCRemoteSwiftPackageReference "IOSSecuritySuite" */,
				1BDBCE042B2393EE00EE7E36 /* XCRemoteSwiftPackageReference "firebase-ios-sdk" */,
			);
			productRefGroup = 1B1DE9062B21DE7700B95D06 /* Products */;
			projectDirPath = "";
			projectRoot = "";
			targets = (
				1B1DE9042B21DE7700B95D06 /* TechnicalTest */,
			);
		};
/* End PBXProject section */

/* Begin PBXResourcesBuildPhase section */
		1B1DE9032B21DE7700B95D06 /* Resources */ = {
			isa = PBXResourcesBuildPhase;
			buildActionMask = 2147483647;
			files = (
				1B1DE9102B21DE7800B95D06 /* Preview Assets.xcassets in Resources */,
				1BDBCE3C2B239A1700EE7E36 /* GoogleService-Info.plist in Resources */,
				1B1DE90D2B21DE7800B95D06 /* Assets.xcassets in Resources */,
			);
			runOnlyForDeploymentPostprocessing = 0;
		};
/* End PBXResourcesBuildPhase section */

/* Begin PBXSourcesBuildPhase section */
		1B1DE9012B21DE7700B95D06 /* Sources */ = {
			isa = PBXSourcesBuildPhase;
			buildActionMask = 2147483647;
			files = (
				1B870A792B2225FD00163349 /* TextViewModel.swift in Sources */,
				1B1DE90B2B21DE7700B95D06 /* ContentView.swift in Sources */,
				1BDBCE402B23C42200EE7E36 /* ImageModel.swift in Sources */,
				1B1DE9182B21E05100B95D06 /* QRScannerView.swift in Sources */,
				1B1DE9092B21DE7700B95D06 /* TechnicalTestApp.swift in Sources */,
				1BDBCE442B2423A300EE7E36 /* MockTextView.swift in Sources */,
				1BDBCE3E2B23C3FB00EE7E36 /* TextModel.swift in Sources */,
				1BDBCE422B23C86600EE7E36 /* ImageViewModel.swift in Sources */,
				1B870A772B2225D900163349 /* MockImageView.swift in Sources */,
			);
			runOnlyForDeploymentPostprocessing = 0;
		};
/* End PBXSourcesBuildPhase section */

/* Begin XCBuildConfiguration section */
		1B1DE9112B21DE7800B95D06 /* Debug */ = {
			isa = XCBuildConfiguration;
			buildSettings = {
				ALWAYS_SEARCH_USER_PATHS = NO;
				ASSETCATALOG_COMPILER_GENERATE_SWIFT_ASSET_SYMBOL_EXTENSIONS = YES;
				CLANG_ANALYZER_NONNULL = YES;
				CLANG_ANALYZER_NUMBER_OBJECT_CONVERSION = YES_AGGRESSIVE;
				CLANG_CXX_LANGUAGE_STANDARD = "gnu++20";
				CLANG_ENABLE_MODULES = YES;
				CLANG_ENABLE_OBJC_ARC = YES;
				CLANG_ENABLE_OBJC_WEAK = YES;
				CLANG_WARN_BLOCK_CAPTURE_AUTORELEASING = YES;
				CLANG_WARN_BOOL_CONVERSION = YES;
				CLANG_WARN_COMMA = YES;
				CLANG_WARN_CONSTANT_CONVERSION = YES;
				CLANG_WARN_DEPRECATED_OBJC_IMPLEMENTATIONS = YES;
				CLANG_WARN_DIRECT_OBJC_ISA_USAGE = YES_ERROR;
				CLANG_WARN_DOCUMENTATION_COMMENTS = YES;
				CLANG_WARN_EMPTY_BODY = YES;
				CLANG_WARN_ENUM_CONVERSION = YES;
				CLANG_WARN_INFINITE_RECURSION = YES;
				CLANG_WARN_INT_CONVERSION = YES;
				CLANG_WARN_NON_LITERAL_NULL_CONVERSION = YES;
				CLANG_WARN_OBJC_IMPLICIT_RETAIN_SELF = YES;
				CLANG_WARN_OBJC_LITERAL_CONVERSION = YES;
				CLANG_WARN_OBJC_ROOT_CLASS = YES_ERROR;
				CLANG_WARN_QUOTED_INCLUDE_IN_FRAMEWORK_HEADER = YES;
				CLANG_WARN_RANGE_LOOP_ANALYSIS = YES;
				CLANG_WARN_STRICT_PROTOTYPES = YES;
				CLANG_WARN_SUSPICIOUS_MOVE = YES;
				CLANG_WARN_UNGUARDED_AVAILABILITY = YES_AGGRESSIVE;
				CLANG_WARN_UNREACHABLE_CODE = YES;
				CLANG_WARN__DUPLICATE_METHOD_MATCH = YES;
				COPY_PHASE_STRIP = NO;
				DEBUG_INFORMATION_FORMAT = dwarf;
				ENABLE_STRICT_OBJC_MSGSEND = YES;
				ENABLE_TESTABILITY = YES;
				ENABLE_USER_SCRIPT_SANDBOXING = YES;
				GCC_C_LANGUAGE_STANDARD = gnu17;
				GCC_DYNAMIC_NO_PIC = NO;
				GCC_NO_COMMON_BLOCKS = YES;
				GCC_OPTIMIZATION_LEVEL = 0;
				GCC_PREPROCESSOR_DEFINITIONS = (
					"DEBUG=1",
					"$(inherited)",
				);
				GCC_WARN_64_TO_32_BIT_CONVERSION = YES;
				GCC_WARN_ABOUT_RETURN_TYPE = YES_ERROR;
				GCC_WARN_UNDECLARED_SELECTOR = YES;
				GCC_WARN_UNINITIALIZED_AUTOS = YES_AGGRESSIVE;
				GCC_WARN_UNUSED_FUNCTION = YES;
				GCC_WARN_UNUSED_VARIABLE = YES;
				IPHONEOS_DEPLOYMENT_TARGET = 17.0;
				LOCALIZATION_PREFERS_STRING_CATALOGS = YES;
				MTL_ENABLE_DEBUG_INFO = INCLUDE_SOURCE;
				MTL_FAST_MATH = YES;
				ONLY_ACTIVE_ARCH = YES;
				SDKROOT = iphoneos;
				SWIFT_ACTIVE_COMPILATION_CONDITIONS = "DEBUG $(inherited)";
				SWIFT_OPTIMIZATION_LEVEL = "-Onone";
			};
			name = Debug;
		};
		1B1DE9122B21DE7800B95D06 /* Release */ = {
			isa = XCBuildConfiguration;
			buildSettings = {
				ALWAYS_SEARCH_USER_PATHS = NO;
				ASSETCATALOG_COMPILER_GENERATE_SWIFT_ASSET_SYMBOL_EXTENSIONS = YES;
				CLANG_ANALYZER_NONNULL = YES;
				CLANG_ANALYZER_NUMBER_OBJECT_CONVERSION = YES_AGGRESSIVE;
				CLANG_CXX_LANGUAGE_STANDARD = "gnu++20";
				CLANG_ENABLE_MODULES = YES;
				CLANG_ENABLE_OBJC_ARC = YES;
				CLANG_ENABLE_OBJC_WEAK = YES;
				CLANG_WARN_BLOCK_CAPTURE_AUTORELEASING = YES;
				CLANG_WARN_BOOL_CONVERSION = YES;
				CLANG_WARN_COMMA = YES;
				CLANG_WARN_CONSTANT_CONVERSION = YES;
				CLANG_WARN_DEPRECATED_OBJC_IMPLEMENTATIONS = YES;
				CLANG_WARN_DIRECT_OBJC_ISA_USAGE = YES_ERROR;
				CLANG_WARN_DOCUMENTATION_COMMENTS = YES;
				CLANG_WARN_EMPTY_BODY = YES;
				CLANG_WARN_ENUM_CONVERSION = YES;
				CLANG_WARN_INFINITE_RECURSION = YES;
				CLANG_WARN_INT_CONVERSION = YES;
				CLANG_WARN_NON_LITERAL_NULL_CONVERSION = YES;
				CLANG_WARN_OBJC_IMPLICIT_RETAIN_SELF = YES;
				CLANG_WARN_OBJC_LITERAL_CONVERSION = YES;
				CLANG_WARN_OBJC_ROOT_CLASS = YES_ERROR;
				CLANG_WARN_QUOTED_INCLUDE_IN_FRAMEWORK_HEADER = YES;
				CLANG_WARN_RANGE_LOOP_ANALYSIS = YES;
				CLANG_WARN_STRICT_PROTOTYPES = YES;
				CLANG_WARN_SUSPICIOUS_MOVE = YES;
				CLANG_WARN_UNGUARDED_AVAILABILITY = YES_AGGRESSIVE;
				CLANG_WARN_UNREACHABLE_CODE = YES;
				CLANG_WARN__DUPLICATE_METHOD_MATCH = YES;
				COPY_PHASE_STRIP = NO;
				DEBUG_INFORMATION_FORMAT = "dwarf-with-dsym";
				ENABLE_NS_ASSERTIONS = NO;
				ENABLE_STRICT_OBJC_MSGSEND = YES;
				ENABLE_USER_SCRIPT_SANDBOXING = YES;
				GCC_C_LANGUAGE_STANDARD = gnu17;
				GCC_NO_COMMON_BLOCKS = YES;
				GCC_WARN_64_TO_32_BIT_CONVERSION = YES;
				GCC_WARN_ABOUT_RETURN_TYPE = YES_ERROR;
				GCC_WARN_UNDECLARED_SELECTOR = YES;
				GCC_WARN_UNINITIALIZED_AUTOS = YES_AGGRESSIVE;
				GCC_WARN_UNUSED_FUNCTION = YES;
				GCC_WARN_UNUSED_VARIABLE = YES;
				IPHONEOS_DEPLOYMENT_TARGET = 17.0;
				LOCALIZATION_PREFERS_STRING_CATALOGS = YES;
				MTL_ENABLE_DEBUG_INFO = NO;
				MTL_FAST_MATH = YES;
				SDKROOT = iphoneos;
				SWIFT_COMPILATION_MODE = wholemodule;
				VALIDATE_PRODUCT = YES;
			};
			name = Release;
		};
		1B1DE9142B21DE7800B95D06 /* Debug */ = {
			isa = XCBuildConfiguration;
			buildSettings = {
				ASSETCATALOG_COMPILER_APPICON_NAME = AppIcon;
				ASSETCATALOG_COMPILER_GLOBAL_ACCENT_COLOR_NAME = AccentColor;
				CODE_SIGN_STYLE = Automatic;
				CURRENT_PROJECT_VERSION = 1;
				DEVELOPMENT_ASSET_PATHS = "\"TechnicalTest/Preview Content\"";
				DEVELOPMENT_TEAM = JGSV4C4BP3;
				ENABLE_PREVIEWS = YES;
				GENERATE_INFOPLIST_FILE = YES;
				INFOPLIST_FILE = TechnicalTest/Info.plist;
				INFOPLIST_KEY_NSCameraUsageDescription = "We need the camera to scan QR code";
				INFOPLIST_KEY_UIApplicationSceneManifest_Generation = YES;
				INFOPLIST_KEY_UIApplicationSupportsIndirectInputEvents = YES;
				INFOPLIST_KEY_UILaunchScreen_Generation = YES;
				INFOPLIST_KEY_UISupportedInterfaceOrientations_iPad = "UIInterfaceOrientationPortrait UIInterfaceOrientationPortraitUpsideDown UIInterfaceOrientationLandscapeLeft UIInterfaceOrientationLandscapeRight";
				INFOPLIST_KEY_UISupportedInterfaceOrientations_iPhone = "UIInterfaceOrientationPortrait UIInterfaceOrientationLandscapeLeft UIInterfaceOrientationLandscapeRight";
				LD_RUNPATH_SEARCH_PATHS = (
					"$(inherited)",
					"@executable_path/Frameworks",
				);
				MARKETING_VERSION = 1.0;
				PRODUCT_BUNDLE_IDENTIFIER = Figo.TechnicalTest;
				PRODUCT_NAME = "$(TARGET_NAME)";
				SWIFT_EMIT_LOC_STRINGS = YES;
				SWIFT_VERSION = 5.0;
				TARGETED_DEVICE_FAMILY = "1,2";
			};
			name = Debug;
		};
		1B1DE9152B21DE7800B95D06 /* Release */ = {
			isa = XCBuildConfiguration;
			buildSettings = {
				ASSETCATALOG_COMPILER_APPICON_NAME = AppIcon;
				ASSETCATALOG_COMPILER_GLOBAL_ACCENT_COLOR_NAME = AccentColor;
				CODE_SIGN_STYLE = Automatic;
				CURRENT_PROJECT_VERSION = 1;
				DEVELOPMENT_ASSET_PATHS = "\"TechnicalTest/Preview Content\"";
				DEVELOPMENT_TEAM = JGSV4C4BP3;
				ENABLE_PREVIEWS = YES;
				GENERATE_INFOPLIST_FILE = YES;
				INFOPLIST_FILE = TechnicalTest/Info.plist;
				INFOPLIST_KEY_NSCameraUsageDescription = "We need the camera to scan QR code";
				INFOPLIST_KEY_UIApplicationSceneManifest_Generation = YES;
				INFOPLIST_KEY_UIApplicationSupportsIndirectInputEvents = YES;
				INFOPLIST_KEY_UILaunchScreen_Generation = YES;
				INFOPLIST_KEY_UISupportedInterfaceOrientations_iPad = "UIInterfaceOrientationPortrait UIInterfaceOrientationPortraitUpsideDown UIInterfaceOrientationLandscapeLeft UIInterfaceOrientationLandscapeRight";
				INFOPLIST_KEY_UISupportedInterfaceOrientations_iPhone = "UIInterfaceOrientationPortrait UIInterfaceOrientationLandscapeLeft UIInterfaceOrientationLandscapeRight";
				LD_RUNPATH_SEARCH_PATHS = (
					"$(inherited)",
					"@executable_path/Frameworks",
				);
				MARKETING_VERSION = 1.0;
				PRODUCT_BUNDLE_IDENTIFIER = Figo.TechnicalTest;
				PRODUCT_NAME = "$(TARGET_NAME)";
				SWIFT_EMIT_LOC_STRINGS = YES;
				SWIFT_VERSION = 5.0;
				TARGETED_DEVICE_FAMILY = "1,2";
			};
			name = Release;
		};
/* End XCBuildConfiguration section */

/* Begin XCConfigurationList section */
		1B1DE9002B21DE7700B95D06 /* Build configuration list for PBXProject "TechnicalTest" */ = {
			isa = XCConfigurationList;
			buildConfigurations = (
				1B1DE9112B21DE7800B95D06 /* Debug */,
				1B1DE9122B21DE7800B95D06 /* Release */,
			);
			defaultConfigurationIsVisible = 0;
			defaultConfigurationName = Release;
		};
		1B1DE9132B21DE7800B95D06 /* Build configuration list for PBXNativeTarget "TechnicalTest" */ = {
			isa = XCConfigurationList;
			buildConfigurations = (
				1B1DE9142B21DE7800B95D06 /* Debug */,
				1B1DE9152B21DE7800B95D06 /* Release */,
			);
			defaultConfigurationIsVisible = 0;
			defaultConfigurationName = Release;
		};
/* End XCConfigurationList section */

/* Begin XCRemoteSwiftPackageReference section */
		1B870A6E2B21EC7800163349 /* XCRemoteSwiftPackageReference "CodeScanner" */ = {
			isa = XCRemoteSwiftPackageReference;
			repositoryURL = "https://github.com/twostraws/CodeScanner";
			requirement = {
				kind = upToNextMajorVersion;
				minimumVersion = 2.3.3;
			};
		};
		1B870A712B22091200163349 /* XCRemoteSwiftPackageReference "IOSSecuritySuite" */ = {
			isa = XCRemoteSwiftPackageReference;
			repositoryURL = "https://github.com/securing/IOSSecuritySuite";
			requirement = {
				kind = upToNextMajorVersion;
				minimumVersion = 1.9.10;
			};
		};
		1BDBCE042B2393EE00EE7E36 /* XCRemoteSwiftPackageReference "firebase-ios-sdk" */ = {
			isa = XCRemoteSwiftPackageReference;
			repositoryURL = "https://github.com/firebase/firebase-ios-sdk";
			requirement = {
				kind = upToNextMajorVersion;
				minimumVersion = 10.19.0;
			};
		};
/* End XCRemoteSwiftPackageReference section */

/* Begin XCSwiftPackageProductDependency section */
		1B870A6F2B21EC7800163349 /* CodeScanner */ = {
			isa = XCSwiftPackageProductDependency;
			package = 1B870A6E2B21EC7800163349 /* XCRemoteSwiftPackageReference "CodeScanner" */;
			productName = CodeScanner;
		};
		1B870A722B22091200163349 /* IOSSecuritySuite */ = {
			isa = XCSwiftPackageProductDependency;
			package = 1B870A712B22091200163349 /* XCRemoteSwiftPackageReference "IOSSecuritySuite" */;
			productName = IOSSecuritySuite;
		};
		1BDBCE1D2B2393EE00EE7E36 /* FirebaseFirestore */ = {
			isa = XCSwiftPackageProductDependency;
			package = 1BDBCE042B2393EE00EE7E36 /* XCRemoteSwiftPackageReference "firebase-ios-sdk" */;
			productName = FirebaseFirestore;
		};
		1BDBCE372B2393EE00EE7E36 /* FirebaseStorage */ = {
			isa = XCSwiftPackageProductDependency;
			package = 1BDBCE042B2393EE00EE7E36 /* XCRemoteSwiftPackageReference "firebase-ios-sdk" */;
			productName = FirebaseStorage;
		};
/* End XCSwiftPackageProductDependency section */
	};
	rootObject = 1B1DE8FD2B21DE7700B95D06 /* Project object */;
}
